
Microsoft Visual Studio Solution File, Format Version 12.00
# Visual Studio Version 17
VisualStudioVersion = 17.5.002.0
MinimumVisualStudioVersion = 10.0.40219.1
Project("{9A19103F-16F7-4668-BE54-9A1E7A4F7556}") = "MyGame", "MyGame.csproj", "{8CC7FC8F-7C23-4808-B32F-FEAC843D1CC8}"
EndProject
Global
	GlobalSection(SolutionConfigurationPlatforms) = preSolution
		Debug|Any CPU = Debug|Any CPU
		Release|Any CPU = Release|Any CPU
	EndGlobalSection
	GlobalSection(ProjectConfigurationPlatforms) = postSolution
		{8CC7FC8F-7C23-4808-B32F-FEAC843D1CC8}.Debug|Any CPU.ActiveCfg = Debug|Any CPU
		{8CC7FC8F-7C23-4808-B32F-FEAC843D1CC8}.Debug|Any CPU.Build.0 = Debug|Any CPU
		{8CC7FC8F-7C23-4808-B32F-FEAC843D1CC8}.Release|Any CPU.ActiveCfg = Release|Any CPU
		{8CC7FC8F-7C23-4808-B32F-FEAC843D1CC8}.Release|Any CPU.Build.0 = Release|Any CPU
	EndGlobalSection
	GlobalSection(SolutionProperties) = preSolution
		HideSolutionNode = FALSE
	EndGlobalSection
	GlobalSection(ExtensibilityGlobals) = postSolution
		SolutionGuid = {454F5E2D-0C5D-46BF-AC31-F0B9659B4926}
	EndGlobalSection
EndGlobal
